PODS:
  - Alamofire (3.1.4)
  - Debouncer (0.0.1)
  - ObjectMapper (0.18)
  - Observable (0.0.1)
  - Polyline (3.0.0)
  - Realm (0.96.3):
    - Realm/Headers (= 0.96.3)
  - Realm/Headers (0.96.3)
  - RealmSwift (0.96.3):
    - Realm (= 0.96.3)
  - Utils (0.0.1)

DEPENDENCIES:
  - Alamofire (~> 3.0)
  - Debouncer (from `../Debouncer`)
  - ObjectMapper (from `https://github.com/Hearst-DD/ObjectMapper.git`, commit `c9b53ad38a17847d2f68baf4e0ef76a0bfea476d`)
  - Observable (from `../Observable`)
  - Polyline (~> 3.0)
  - Realm
  - RealmSwift
  - Utils (from `../Utils`)

EXTERNAL SOURCES:
  Debouncer:
    :path: "../Debouncer"
  ObjectMapper:
    :commit: c9b53ad38a17847d2f68baf4e0ef76a0bfea476d
    :git: https://github.com/Hearst-DD/ObjectMapper.git
  Observable:
    :path: "../Observable"
  Utils:
    :path: "../Utils"

CHECKOUT OPTIONS:
  ObjectMapper:
    :commit: c9b53ad38a17847d2f68baf4e0ef76a0bfea476d
    :git: https://github.com/Hearst-DD/ObjectMapper.git

SPEC CHECKSUMS:
  Alamofire: fbc829692f351fa1d8a31dd75fd7f7f56fea31fb
  Debouncer: a5b10acec541b2b16b707a4ef661269ea5f75d51
  ObjectMapper: 0dec0fec1e10b707ba94dd0891580a582ab84cf0
  Observable: 8d559431b212bae6b99bbba766f0af28d073170e
  Polyline: 18026fd6675f754a15e70b4fd7ca01d0d156b6d7
  Realm: 145d3cdf78a03aee71bde5381ad7e542bd541720
  RealmSwift: aab84968aad662f61f36473d1aea019f63481505
  Utils: 088820dd340dc6a8afc3ba822253877b1b88d2ff

COCOAPODS: 0.39.0
